
Microsoft Visual Studio Solution File, Format Version 12.00
# Visual Studio Version 17
VisualStudioVersion = 17.11.35327.3
MinimumVisualStudioVersion = 10.0.40219.1
Project("{FAE04EC0-301F-11D3-BF4B-00C04F79EFBC}") = "TargetIntervals", "TargetIntervals.csproj", "{F021A257-F803-4528-B6A4-C77BCD92DFBB}"
EndProject
Global
	GlobalSection(SolutionConfigurationPlatforms) = preSolution
		Debug|Any CPU = Debug|Any CPU
		Release|Any CPU = Release|Any CPU
	EndGlobalSection
	GlobalSection(ProjectConfigurationPlatforms) = postSolution
		{F021A257-F803-4528-B6A4-C77BCD92DFBB}.Debug|Any CPU.ActiveCfg = Debug|Any CPU
		{F021A257-F803-4528-B6A4-C77BCD92DFBB}.Debug|Any CPU.Build.0 = Debug|Any CPU
		{F021A257-F803-4528-B6A4-C77BCD92DFBB}.Release|Any CPU.ActiveCfg = Release|Any CPU
		{F021A257-F803-4528-B6A4-C77BCD92DFBB}.Release|Any CPU.Build.0 = Release|Any CPU
	EndGlobalSection
	GlobalSection(SolutionProperties) = preSolution
		HideSolutionNode = FALSE
	EndGlobalSection
	GlobalSection(ExtensibilityGlobals) = postSolution
		SolutionGuid = {788FD84B-5AE1-4130-B72F-15F245879E12}
	EndGlobalSection
EndGlobal
